
Microsoft Visual Studio Solution File, Format Version 12.00
# Visual Studio Version 17
VisualStudioVersion = 17.4.33103.184
MinimumVisualStudioVersion = 10.0.40219.1
Project("{9A19103F-16F7-4668-BE54-9A1E7A4F7556}") = "Reciply", "Reciply\Reciply.csproj", "{CF9AEE21-8AC7-4AE1-90C3-D6DADA15A162}"
EndProject
Project("{FAE04EC0-301F-11D3-BF4B-00C04F79EFBC}") = "Reciply.Tests", "Reciply.Tests\Reciply.Tests.csproj", "{B74FF666-66A3-4662-8C05-C24A7F1A363F}"
EndProject
Global
	GlobalSection(SolutionConfigurationPlatforms) = preSolution
		Debug|Any CPU = Debug|Any CPU
		Release|Any CPU = Release|Any CPU
	EndGlobalSection
	GlobalSection(ProjectConfigurationPlatforms) = postSolution
		{CF9AEE21-8AC7-4AE1-90C3-D6DADA15A162}.Debug|Any CPU.ActiveCfg = Debug|Any CPU
		{CF9AEE21-8AC7-4AE1-90C3-D6DADA15A162}.Debug|Any CPU.Build.0 = Debug|Any CPU
		{CF9AEE21-8AC7-4AE1-90C3-D6DADA15A162}.Release|Any CPU.ActiveCfg = Release|Any CPU
		{CF9AEE21-8AC7-4AE1-90C3-D6DADA15A162}.Release|Any CPU.Build.0 = Release|Any CPU
		{B74FF666-66A3-4662-8C05-C24A7F1A363F}.Debug|Any CPU.ActiveCfg = Debug|Any CPU
		{B74FF666-66A3-4662-8C05-C24A7F1A363F}.Debug|Any CPU.Build.0 = Debug|Any CPU
		{B74FF666-66A3-4662-8C05-C24A7F1A363F}.Release|Any CPU.ActiveCfg = Release|Any CPU
		{B74FF666-66A3-4662-8C05-C24A7F1A363F}.Release|Any CPU.Build.0 = Release|Any CPU
	EndGlobalSection
	GlobalSection(SolutionProperties) = preSolution
		HideSolutionNode = FALSE
	EndGlobalSection
	GlobalSection(ExtensibilityGlobals) = postSolution
		SolutionGuid = {27A856C9-18E7-4722-8261-6922B3321BCB}
	EndGlobalSection
EndGlobal
